
Microsoft Visual Studio Solution File, Format Version 12.00
# Visual Studio Version 16
VisualStudioVersion = 16.0.30225.117
MinimumVisualStudioVersion = 10.0.40219.1
Project("{FAE04EC0-301F-11D3-BF4B-00C04F79EFBC}") = "officex-tweaker", "officex-tweaker.csproj", "{2F1CBBBE-1685-48E7-9692-4504CFB254E4}"
EndProject
Global
	GlobalSection(SolutionConfigurationPlatforms) = preSolution
		Debug|Any CPU = Debug|Any CPU
		Release|Any CPU = Release|Any CPU
	EndGlobalSection
	GlobalSection(ProjectConfigurationPlatforms) = postSolution
		{2F1CBBBE-1685-48E7-9692-4504CFB254E4}.Debug|Any CPU.ActiveCfg = Debug|Any CPU
		{2F1CBBBE-1685-48E7-9692-4504CFB254E4}.Debug|Any CPU.Build.0 = Debug|Any CPU
		{2F1CBBBE-1685-48E7-9692-4504CFB254E4}.Release|Any CPU.ActiveCfg = Release|Any CPU
		{2F1CBBBE-1685-48E7-9692-4504CFB254E4}.Release|Any CPU.Build.0 = Release|Any CPU
	EndGlobalSection
	GlobalSection(SolutionProperties) = preSolution
		HideSolutionNode = FALSE
	EndGlobalSection
	GlobalSection(ExtensibilityGlobals) = postSolution
		SolutionGuid = {51AD7F07-4C0C-457C-87BC-9597E88DA89E}
	EndGlobalSection
EndGlobal
